
Microsoft Visual Studio Solution File, Format Version 12.00
# Visual Studio 15
VisualStudioVersion = 15.0.26124.0
MinimumVisualStudioVersion = 15.0.26124.0
Project("{2150E333-8FDC-42A3-9474-1A3956D46DE8}") = "src", "src", "{E07A8C34-297C-49ED-86B1-75ED24AAAA36}"
ProjectSection(SolutionItems) = preProject
	src\.gitignore = src\.gitignore
EndProjectSection
EndProject
Project("{FAE04EC0-301F-11D3-BF4B-00C04F79EFBC}") = "Cas.Auth.Api", "src\Cas.Auth.Api\Cas.Auth.Api.csproj", "{940C0935-1EAF-4B6B-B6D3-6A515583D271}"
EndProject
Global
	GlobalSection(SolutionConfigurationPlatforms) = preSolution
		Debug|Any CPU = Debug|Any CPU
		Debug|x64 = Debug|x64
		Debug|x86 = Debug|x86
		Release|Any CPU = Release|Any CPU
		Release|x64 = Release|x64
		Release|x86 = Release|x86
	EndGlobalSection
	GlobalSection(SolutionProperties) = preSolution
		HideSolutionNode = FALSE
	EndGlobalSection
	GlobalSection(ProjectConfigurationPlatforms) = postSolution
		{940C0935-1EAF-4B6B-B6D3-6A515583D271}.Debug|Any CPU.ActiveCfg = Debug|Any CPU
		{940C0935-1EAF-4B6B-B6D3-6A515583D271}.Debug|Any CPU.Build.0 = Debug|Any CPU
		{940C0935-1EAF-4B6B-B6D3-6A515583D271}.Debug|x64.ActiveCfg = Debug|Any CPU
		{940C0935-1EAF-4B6B-B6D3-6A515583D271}.Debug|x64.Build.0 = Debug|Any CPU
		{940C0935-1EAF-4B6B-B6D3-6A515583D271}.Debug|x86.ActiveCfg = Debug|Any CPU
		{940C0935-1EAF-4B6B-B6D3-6A515583D271}.Debug|x86.Build.0 = Debug|Any CPU
		{940C0935-1EAF-4B6B-B6D3-6A515583D271}.Release|Any CPU.ActiveCfg = Release|Any CPU
		{940C0935-1EAF-4B6B-B6D3-6A515583D271}.Release|Any CPU.Build.0 = Release|Any CPU
		{940C0935-1EAF-4B6B-B6D3-6A515583D271}.Release|x64.ActiveCfg = Release|Any CPU
		{940C0935-1EAF-4B6B-B6D3-6A515583D271}.Release|x64.Build.0 = Release|Any CPU
		{940C0935-1EAF-4B6B-B6D3-6A515583D271}.Release|x86.ActiveCfg = Release|Any CPU
		{940C0935-1EAF-4B6B-B6D3-6A515583D271}.Release|x86.Build.0 = Release|Any CPU
	EndGlobalSection
	GlobalSection(NestedProjects) = preSolution
		{940C0935-1EAF-4B6B-B6D3-6A515583D271} = {E07A8C34-297C-49ED-86B1-75ED24AAAA36}
	EndGlobalSection
EndGlobal
